{
  "nodes": {
    "aiobspwm": {
      "flake": false,
      "locked": {
        "lastModified": 1638304840,
        "narHash": "sha256-ZJkUqVYhwSqCYcRambKjZ6ygxfKlxZB9/iYT7yz5VUU=",
        "owner": "lf-",
        "repo": "aiobspwm",
        "rev": "fa0a22bb28c5ca5f1704a050a0bd9e3e6c9b6631",
        "type": "github"
      },
      "original": {
        "owner": "lf-",
        "repo": "aiobspwm",
        "type": "github"
      }
    },
    "aiopanel": {
      "flake": false,
      "locked": {
        "lastModified": 1658122056,
        "narHash": "sha256-eTnuk3LGv/u7dc4H+o+4pcyEE0eFQxAOqtdDbdtKPu0=",
        "owner": "lf-",
        "repo": "aiopanel",
        "rev": "8bdef2233751abc44500e1b87f04af61c4199d2e",
        "type": "github"
      },
      "original": {
        "owner": "lf-",
        "repo": "aiopanel",
        "type": "github"
      }
    },
    "flake-utils": {
      "locked": {
        "lastModified": 1656928814,
        "narHash": "sha256-RIFfgBuKz6Hp89yRr7+NR5tzIAbn52h8vT6vXkYjZoM=",
        "owner": "numtide",
        "repo": "flake-utils",
        "rev": "7e2a3b3dfd9af950a856d66b0a7d01e3c18aa249",
        "type": "github"
      },
      "original": {
        "owner": "numtide",
        "repo": "flake-utils",
        "type": "github"
      }
    },
    "nixpkgs": {
      "locked": {
        "lastModified": 1665449268,
        "narHash": "sha256-cw4xrQIAZUyJGj58Dp5VLICI0rscd+uap83afiFzlcA=",
        "owner": "nixos",
        "repo": "nixpkgs",
        "rev": "285e77efe87df64105ec14b204de6636fb0a7a27",
        "type": "github"
      },
      "original": {
        "owner": "nixos",
        "ref": "nixos-unstable",
        "repo": "nixpkgs",
        "type": "github"
      }
    },
    "polkadots": {
      "flake": false,
      "locked": {
        "lastModified": 1621318037,
        "narHash": "sha256-pb3g/XpCNsDm/IoYqE+TEKENeMHKSPdc9IYH929dpdQ=",
        "owner": "lf-",
        "repo": "polkadots",
        "rev": "cbda8e517807b296f772d93e5045fd7d406e6fad",
        "type": "github"
      },
      "original": {
        "owner": "lf-",
        "repo": "polkadots",
        "type": "github"
      }
    },
    "root": {
      "inputs": {
        "aiobspwm": "aiobspwm",
        "aiopanel": "aiopanel",
        "flake-utils": "flake-utils",
        "nixpkgs": "nixpkgs",
        "polkadots": "polkadots"
      }
    }
  },
  "root": "root",
  "version": 7
}
