{
  "nodes": {
    "agenix": {
      "inputs": {
        "darwin": [],
        "home-manager": [],
        "nixpkgs": [
          "nixpkgs"
        ],
        "systems": "systems"
      },
      "locked": {
        "lastModified": 1761656077,
        "narHash": "sha256-lsNWuj4Z+pE7s0bd2OKicOFq9bK86JE0ZGeKJbNqb94=",
        "owner": "ryantm",
        "repo": "agenix",
        "rev": "9ba0d85de3eaa7afeab493fed622008b6e4924f5",
        "type": "github"
      },
      "original": {
        "owner": "ryantm",
        "repo": "agenix",
        "type": "github"
      }
    },
    "aiobspwm": {
      "flake": false,
      "locked": {
        "lastModified": 1638304840,
        "narHash": "sha256-ZJkUqVYhwSqCYcRambKjZ6ygxfKlxZB9/iYT7yz5VUU=",
        "owner": "lf-",
        "repo": "aiobspwm",
        "rev": "fa0a22bb28c5ca5f1704a050a0bd9e3e6c9b6631",
        "type": "github"
      },
      "original": {
        "owner": "lf-",
        "repo": "aiobspwm",
        "type": "github"
      }
    },
    "aiopanel": {
      "flake": false,
      "locked": {
        "lastModified": 1668383910,
        "narHash": "sha256-QNF9OXILipdplrxZr587odqa2xqlBMb57pqWrttNUXU=",
        "owner": "lf-",
        "repo": "aiopanel",
        "rev": "1d8d0e0015b0990506213af23651edb29a09835c",
        "type": "github"
      },
      "original": {
        "owner": "lf-",
        "repo": "aiopanel",
        "type": "github"
      }
    },
    "crane": {
      "locked": {
        "lastModified": 1731098351,
        "narHash": "sha256-HQkYvKvaLQqNa10KEFGgWHfMAbWBfFp+4cAgkut+NNE=",
        "owner": "ipetkov",
        "repo": "crane",
        "rev": "ef80ead953c1b28316cc3f8613904edc2eb90c28",
        "type": "github"
      },
      "original": {
        "owner": "ipetkov",
        "repo": "crane",
        "type": "github"
      }
    },
    "flake-compat": {
      "flake": false,
      "locked": {
        "lastModified": 1696426674,
        "narHash": "sha256-kvjfFW7WAETZlt09AgDn1MrtKzP7t90Vf7vypd3OL1U=",
        "owner": "edolstra",
        "repo": "flake-compat",
        "rev": "0f9255e01c2351cc7d116c072cb317785dd33b33",
        "type": "github"
      },
      "original": {
        "owner": "edolstra",
        "repo": "flake-compat",
        "type": "github"
      }
    },
    "flake-parts": {
      "inputs": {
        "nixpkgs-lib": [
          "lanzaboote",
          "nixpkgs"
        ]
      },
      "locked": {
        "lastModified": 1730504689,
        "narHash": "sha256-hgmguH29K2fvs9szpq2r3pz2/8cJd2LPS+b4tfNFCwE=",
        "owner": "hercules-ci",
        "repo": "flake-parts",
        "rev": "506278e768c2a08bec68eb62932193e341f55c90",
        "type": "github"
      },
      "original": {
        "owner": "hercules-ci",
        "repo": "flake-parts",
        "type": "github"
      }
    },
    "flake-utils": {
      "inputs": {
        "systems": "systems_2"
      },
      "locked": {
        "lastModified": 1710146030,
        "narHash": "sha256-SZ5L6eA7HJ/nmkzGG7/ISclqe6oZdOZTNoesiInkXPQ=",
        "owner": "numtide",
        "repo": "flake-utils",
        "rev": "b1d9ab70662946ef0850d488da1c9019f3a9752a",
        "type": "github"
      },
      "original": {
        "owner": "numtide",
        "repo": "flake-utils",
        "type": "github"
      }
    },
    "flakey-profile": {
      "locked": {
        "lastModified": 1712898590,
        "narHash": "sha256-FhGIEU93VHAChKEXx905TSiPZKga69bWl1VB37FK//I=",
        "owner": "lf-",
        "repo": "flakey-profile",
        "rev": "243c903fd8eadc0f63d205665a92d4df91d42d9d",
        "type": "github"
      },
      "original": {
        "owner": "lf-",
        "repo": "flakey-profile",
        "type": "github"
      }
    },
    "flakey-profile_2": {
      "locked": {
        "lastModified": 1712898590,
        "narHash": "sha256-FhGIEU93VHAChKEXx905TSiPZKga69bWl1VB37FK//I=",
        "owner": "lf-",
        "repo": "flakey-profile",
        "rev": "243c903fd8eadc0f63d205665a92d4df91d42d9d",
        "type": "github"
      },
      "original": {
        "owner": "lf-",
        "repo": "flakey-profile",
        "type": "github"
      }
    },
    "gitignore": {
      "flake": false,
      "locked": {
        "lastModified": 1709087332,
        "narHash": "sha256-HG2cCnktfHsKV0s4XW83gU3F57gaTljL9KNSuG6bnQs=",
        "owner": "hercules-ci",
        "repo": "gitignore",
        "rev": "637db329424fd7e46cf4185293b9cc8c88c95394",
        "type": "github"
      },
      "original": {
        "owner": "hercules-ci",
        "repo": "gitignore",
        "type": "github"
      }
    },
    "gitignore_2": {
      "inputs": {
        "nixpkgs": [
          "lanzaboote",
          "pre-commit-hooks-nix",
          "nixpkgs"
        ]
      },
      "locked": {
        "lastModified": 1709087332,
        "narHash": "sha256-HG2cCnktfHsKV0s4XW83gU3F57gaTljL9KNSuG6bnQs=",
        "owner": "hercules-ci",
        "repo": "gitignore.nix",
        "rev": "637db329424fd7e46cf4185293b9cc8c88c95394",
        "type": "github"
      },
      "original": {
        "owner": "hercules-ci",
        "repo": "gitignore.nix",
        "type": "github"
      }
    },
    "lanzaboote": {
      "inputs": {
        "crane": "crane",
        "flake-compat": [
          "flake-compat"
        ],
        "flake-parts": "flake-parts",
        "nixpkgs": [
          "nixpkgs"
        ],
        "pre-commit-hooks-nix": "pre-commit-hooks-nix",
        "rust-overlay": "rust-overlay"
      },
      "locked": {
        "lastModified": 1740440383,
        "narHash": "sha256-w8ixbqOGrVWMQZFFs4uAwZpuwuGMzFoKjocMFxTR5Ts=",
        "owner": "nix-community",
        "repo": "lanzaboote",
        "rev": "6321bc060d757c137c1fbae2057c7e941483878f",
        "type": "github"
      },
      "original": {
        "owner": "nix-community",
        "repo": "lanzaboote",
        "type": "github"
      }
    },
    "lix": {
      "flake": false,
      "locked": {
        "lastModified": 1763152608,
        "narHash": "sha256-1P9WlCxbBm88faT3M9u1eYDXtv14cCSqy9T29xk4zjg=",
        "rev": "5fd9c65a8f8d2dcfae1ef72d3c44ebd62b674950",
        "type": "tarball",
        "url": "https://git.lix.systems/api/v1/repos/lix-project/lix/archive/5fd9c65a8f8d2dcfae1ef72d3c44ebd62b674950.tar.gz?rev=5fd9c65a8f8d2dcfae1ef72d3c44ebd62b674950"
      },
      "original": {
        "type": "tarball",
        "url": "https://git.lix.systems/lix-project/lix/archive/main.tar.gz"
      }
    },
    "lix-module": {
      "inputs": {
        "flake-utils": [
          "flake-utils"
        ],
        "flakey-profile": "flakey-profile_2",
        "lix": [
          "lix"
        ],
        "nixpkgs": [
          "nixpkgs"
        ]
      },
      "locked": {
        "lastModified": 1761960361,
        "narHash": "sha256-FvuAw56NIVJpS3Kr8Wv9PpU4eehZMcdIVkxjStuYmqc=",
        "rev": "c47f62187601ea2991b79a9bacdbfdf76cd29fbe",
        "type": "tarball",
        "url": "https://git.lix.systems/api/v1/repos/lix-project/nixos-module/archive/c47f62187601ea2991b79a9bacdbfdf76cd29fbe.tar.gz?rev=c47f62187601ea2991b79a9bacdbfdf76cd29fbe"
      },
      "original": {
        "type": "tarball",
        "url": "https://git.lix.systems/lix-project/nixos-module/archive/main.tar.gz"
      }
    },
    "nix-on-droid": {
      "flake": false,
      "locked": {
        "lastModified": 1720964831,
        "narHash": "sha256-UwVKfjrQ6FWTuqks6lF4+VlzPFDC/GR1Ti/iBKTEQco=",
        "owner": "nix-community",
        "repo": "nix-on-droid",
        "rev": "c00333ee42aa2b4d4825e0388a1049fdeeded6c6",
        "type": "github"
      },
      "original": {
        "owner": "nix-community",
        "repo": "nix-on-droid",
        "type": "github"
      }
    },
    "nixpkgs": {
      "locked": {
        "lastModified": 1762977756,
        "narHash": "sha256-ofLW/pWU9HuZO43hK0ze2uTITgG5NWUws6ePJrazSlM=",
        "rev": "c5ae371f1a6a7fd27823bc500d9390b38c05fa55",
        "type": "tarball",
        "url": "https://releases.nixos.org/nixos/unstable/nixos-25.11pre895122.c5ae371f1a6a/nixexprs.tar.xz?lastModified=1762977756&rev=c5ae371f1a6a7fd27823bc500d9390b38c05fa55"
      },
      "original": {
        "type": "tarball",
        "url": "https://channels.nixos.org/nixos-unstable/nixexprs.tar.xz"
      }
    },
    "nixpkgs-stable": {
      "locked": {
        "lastModified": 1730741070,
        "narHash": "sha256-edm8WG19kWozJ/GqyYx2VjW99EdhjKwbY3ZwdlPAAlo=",
        "owner": "NixOS",
        "repo": "nixpkgs",
        "rev": "d063c1dd113c91ab27959ba540c0d9753409edf3",
        "type": "github"
      },
      "original": {
        "owner": "NixOS",
        "ref": "nixos-24.05",
        "repo": "nixpkgs",
        "type": "github"
      }
    },
    "polkadots": {
      "flake": false,
      "locked": {
        "lastModified": 1621318037,
        "narHash": "sha256-pb3g/XpCNsDm/IoYqE+TEKENeMHKSPdc9IYH929dpdQ=",
        "owner": "lf-",
        "repo": "polkadots",
        "rev": "cbda8e517807b296f772d93e5045fd7d406e6fad",
        "type": "github"
      },
      "original": {
        "owner": "lf-",
        "repo": "polkadots",
        "type": "github"
      }
    },
    "pre-commit-hooks-nix": {
      "inputs": {
        "flake-compat": [
          "lanzaboote",
          "flake-compat"
        ],
        "gitignore": "gitignore_2",
        "nixpkgs": [
          "lanzaboote",
          "nixpkgs"
        ],
        "nixpkgs-stable": "nixpkgs-stable"
      },
      "locked": {
        "lastModified": 1731363552,
        "narHash": "sha256-vFta1uHnD29VUY4HJOO/D6p6rxyObnf+InnSMT4jlMU=",
        "owner": "cachix",
        "repo": "pre-commit-hooks.nix",
        "rev": "cd1af27aa85026ac759d5d3fccf650abe7e1bbf0",
        "type": "github"
      },
      "original": {
        "owner": "cachix",
        "repo": "pre-commit-hooks.nix",
        "type": "github"
      }
    },
    "qyriad-nur": {
      "flake": false,
      "locked": {
        "lastModified": 1712532651,
        "narHash": "sha256-HqKm7PBnGNebFV+SHxFZaii+rFvp4E5l8BEGwiCPn7g=",
        "owner": "qyriad",
        "repo": "nur-packages",
        "rev": "6b526ca07c20c04e89077b5dd799f6350ad88a6e",
        "type": "github"
      },
      "original": {
        "owner": "qyriad",
        "repo": "nur-packages",
        "type": "github"
      }
    },
    "root": {
      "inputs": {
        "agenix": "agenix",
        "aiobspwm": "aiobspwm",
        "aiopanel": "aiopanel",
        "flake-compat": "flake-compat",
        "flake-utils": "flake-utils",
        "flakey-profile": "flakey-profile",
        "gitignore": "gitignore",
        "lanzaboote": "lanzaboote",
        "lix": "lix",
        "lix-module": "lix-module",
        "nix-on-droid": "nix-on-droid",
        "nixpkgs": "nixpkgs",
        "polkadots": "polkadots",
        "qyriad-nur": "qyriad-nur"
      }
    },
    "rust-overlay": {
      "inputs": {
        "nixpkgs": [
          "lanzaboote",
          "nixpkgs"
        ]
      },
      "locked": {
        "lastModified": 1731897198,
        "narHash": "sha256-Ou7vLETSKwmE/HRQz4cImXXJBr/k9gp4J4z/PF8LzTE=",
        "owner": "oxalica",
        "repo": "rust-overlay",
        "rev": "0be641045af6d8666c11c2c40e45ffc9667839b5",
        "type": "github"
      },
      "original": {
        "owner": "oxalica",
        "repo": "rust-overlay",
        "type": "github"
      }
    },
    "systems": {
      "locked": {
        "lastModified": 1681028828,
        "narHash": "sha256-Vy1rq5AaRuLzOxct8nz4T6wlgyUR7zLU309k9mBC768=",
        "owner": "nix-systems",
        "repo": "default",
        "rev": "da67096a3b9bf56a91d16901293e51ba5b49a27e",
        "type": "github"
      },
      "original": {
        "owner": "nix-systems",
        "repo": "default",
        "type": "github"
      }
    },
    "systems_2": {
      "locked": {
        "lastModified": 1681028828,
        "narHash": "sha256-Vy1rq5AaRuLzOxct8nz4T6wlgyUR7zLU309k9mBC768=",
        "owner": "nix-systems",
        "repo": "default",
        "rev": "da67096a3b9bf56a91d16901293e51ba5b49a27e",
        "type": "github"
      },
      "original": {
        "owner": "nix-systems",
        "repo": "default",
        "type": "github"
      }
    }
  },
  "root": "root",
  "version": 7
}
